
Microsoft Visual Studio Solution File, Format Version 11.00
# Visual Studio 2010
# SharpDevelop 4.4
Project("{FD48973F-F585-4F70-812B-4D0503B36CE9}") = "Strint2", "Strint2\Strint2.pyproj", "{3E2F2BD4-8357-498A-BA4E-CC06D6A3A994}"
EndProject
Global
	GlobalSection(SolutionConfigurationPlatforms) = preSolution
		Debug|Any CPU = Debug|Any CPU
		Release|Any CPU = Release|Any CPU
	EndGlobalSection
	GlobalSection(ProjectConfigurationPlatforms) = postSolution
		{3E2F2BD4-8357-498A-BA4E-CC06D6A3A994}.Debug|Any CPU.Build.0 = Debug|Any CPU
		{3E2F2BD4-8357-498A-BA4E-CC06D6A3A994}.Debug|Any CPU.ActiveCfg = Debug|Any CPU
		{3E2F2BD4-8357-498A-BA4E-CC06D6A3A994}.Release|Any CPU.Build.0 = Release|Any CPU
		{3E2F2BD4-8357-498A-BA4E-CC06D6A3A994}.Release|Any CPU.ActiveCfg = Release|Any CPU
	EndGlobalSection
EndGlobal
