
Microsoft Visual Studio Solution File, Format Version 11.00
# Visual Studio 2010
# SharpDevelop 4.4
Project("{FD48973F-F585-4F70-812B-4D0503B36CE9}") = "Pg479Conference", "Pg479Conference\Pg479Conference.pyproj", "{CA586CE5-6AA5-443B-955A-BCA7D93E86F8}"
EndProject
Global
	GlobalSection(SolutionConfigurationPlatforms) = preSolution
		Debug|Any CPU = Debug|Any CPU
		Release|Any CPU = Release|Any CPU
	EndGlobalSection
	GlobalSection(ProjectConfigurationPlatforms) = postSolution
		{CA586CE5-6AA5-443B-955A-BCA7D93E86F8}.Debug|Any CPU.Build.0 = Debug|Any CPU
		{CA586CE5-6AA5-443B-955A-BCA7D93E86F8}.Debug|Any CPU.ActiveCfg = Debug|Any CPU
		{CA586CE5-6AA5-443B-955A-BCA7D93E86F8}.Release|Any CPU.Build.0 = Release|Any CPU
		{CA586CE5-6AA5-443B-955A-BCA7D93E86F8}.Release|Any CPU.ActiveCfg = Release|Any CPU
	EndGlobalSection
EndGlobal
