
Microsoft Visual Studio Solution File, Format Version 11.00
# Visual Studio 2010
# SharpDevelop 4.4
Project("{FD48973F-F585-4F70-812B-4D0503B36CE9}") = "Prog54c", "Prog54c\Prog54c.pyproj", "{12B0AA22-5714-4D82-877A-F0C0E84C6159}"
EndProject
Global
	GlobalSection(SolutionConfigurationPlatforms) = preSolution
		Debug|Any CPU = Debug|Any CPU
		Release|Any CPU = Release|Any CPU
	EndGlobalSection
	GlobalSection(ProjectConfigurationPlatforms) = postSolution
		{12B0AA22-5714-4D82-877A-F0C0E84C6159}.Debug|Any CPU.Build.0 = Debug|Any CPU
		{12B0AA22-5714-4D82-877A-F0C0E84C6159}.Debug|Any CPU.ActiveCfg = Debug|Any CPU
		{12B0AA22-5714-4D82-877A-F0C0E84C6159}.Release|Any CPU.Build.0 = Release|Any CPU
		{12B0AA22-5714-4D82-877A-F0C0E84C6159}.Release|Any CPU.ActiveCfg = Release|Any CPU
	EndGlobalSection
EndGlobal
